// !$*UTF8*$!
{
	archiveVersion = 1;
	classes = {
	};
	objectVersion = 46;
	objects = {

/* Begin PBXBuildFile section */
		779E43651C2722570097EA55 /* main.cpp in Sources */ = {isa = PBXBuildFile; fileRef = 779E435A1C27181C0097EA55 /* main.cpp */; };
		77F96FCA1C272F1D00BC413A /* Exception.cpp in Sources */ = {isa = PBXBuildFile; fileRef = 77F96FC61C272A1A00BC413A /* Exception.cpp */; };
		77F96FCB1C272F2000BC413A /* RpnParser.cpp in Sources */ = {isa = PBXBuildFile; fileRef = 77F96FC11C2725FF00BC413A /* RpnParser.cpp */; };
		77F96FCC1C272F2300BC413A /* GenericStack.cpp in Sources */ = {isa = PBXBuildFile; fileRef = 779E43611C2719390097EA55 /* GenericStack.cpp */; };
/* End PBXBuildFile section */

/* Begin PBXCopyFilesBuildPhase section */
		779E43551C27181C0097EA55 /* CopyFiles */ = {
			isa = PBXCopyFilesBuildPhase;
			buildActionMask = 2147483647;
			dstPath = /usr/share/man/man1/;
			dstSubfolderSpec = 0;
			files = (
			);
			runOnlyForDeploymentPostprocessing = 1;
		};
/* End PBXCopyFilesBuildPhase section */

/* Begin PBXFileReference section */
		779E43571C27181C0097EA55 /* RPN-Stack */ = {isa = PBXFileReference; explicitFileType = "compiled.mach-o.executable"; includeInIndex = 0; path = "RPN-Stack"; sourceTree = BUILT_PRODUCTS_DIR; };
		779E435A1C27181C0097EA55 /* main.cpp */ = {isa = PBXFileReference; lastKnownFileType = sourcecode.cpp.cpp; path = main.cpp; sourceTree = "<group>"; };
		779E43611C2719390097EA55 /* GenericStack.cpp */ = {isa = PBXFileReference; fileEncoding = 4; lastKnownFileType = sourcecode.cpp.cpp; path = GenericStack.cpp; sourceTree = "<group>"; };
		779E43621C2719390097EA55 /* GenericStack.hpp */ = {isa = PBXFileReference; fileEncoding = 4; lastKnownFileType = sourcecode.cpp.h; path = GenericStack.hpp; sourceTree = "<group>"; };
		77F96FC11C2725FF00BC413A /* RpnParser.cpp */ = {isa = PBXFileReference; fileEncoding = 4; lastKnownFileType = sourcecode.cpp.cpp; path = RpnParser.cpp; sourceTree = "<group>"; };
		77F96FC21C2725FF00BC413A /* RpnParser.hpp */ = {isa = PBXFileReference; fileEncoding = 4; lastKnownFileType = sourcecode.cpp.h; path = RpnParser.hpp; sourceTree = "<group>"; };
		77F96FC61C272A1A00BC413A /* Exception.cpp */ = {isa = PBXFileReference; fileEncoding = 4; lastKnownFileType = sourcecode.cpp.cpp; path = Exception.cpp; sourceTree = "<group>"; };
		77F96FC71C272A1A00BC413A /* Exception.hpp */ = {isa = PBXFileReference; fileEncoding = 4; lastKnownFileType = sourcecode.cpp.h; path = Exception.hpp; sourceTree = "<group>"; };
/* End PBXFileReference section */

/* Begin PBXFrameworksBuildPhase section */
		779E43541C27181C0097EA55 /* Frameworks */ = {
			isa = PBXFrameworksBuildPhase;
			buildActionMask = 2147483647;
			files = (
			);
			runOnlyForDeploymentPostprocessing = 0;
		};
/* End PBXFrameworksBuildPhase section */

/* Begin PBXGroup section */
		779E434E1C27181C0097EA55 = {
			isa = PBXGroup;
			children = (
				779E43591C27181C0097EA55 /* RPN-Stack */,
				779E43581C27181C0097EA55 /* Products */,
			);
			sourceTree = "<group>";
		};
		779E43581C27181C0097EA55 /* Products */ = {
			isa = PBXGroup;
			children = (
				779E43571C27181C0097EA55 /* RPN-Stack */,
			);
			name = Products;
			sourceTree = "<group>";
		};
		779E43591C27181C0097EA55 /* RPN-Stack */ = {
			isa = PBXGroup;
			children = (
				779E435A1C27181C0097EA55 /* main.cpp */,
				77F96FC41C2727E700BC413A /* RpnParser */,
				77F96FC51C2727EF00BC413A /* GenericStack */,
				77F96FC91C272A3500BC413A /* Exception */,
			);
			path = "RPN-Stack";
			sourceTree = "<group>";
		};
		77F96FC41C2727E700BC413A /* RpnParser */ = {
			isa = PBXGroup;
			children = (
				77F96FC11C2725FF00BC413A /* RpnParser.cpp */,
				77F96FC21C2725FF00BC413A /* RpnParser.hpp */,
			);
			name = RpnParser;
			sourceTree = "<group>";
		};
		77F96FC51C2727EF00BC413A /* GenericStack */ = {
			isa = PBXGroup;
			children = (
				779E43611C2719390097EA55 /* GenericStack.cpp */,
				779E43621C2719390097EA55 /* GenericStack.hpp */,
			);
			name = GenericStack;
			sourceTree = "<group>";
		};
		77F96FC91C272A3500BC413A /* Exception */ = {
			isa = PBXGroup;
			children = (
				77F96FC61C272A1A00BC413A /* Exception.cpp */,
				77F96FC71C272A1A00BC413A /* Exception.hpp */,
			);
			name = Exception;
			sourceTree = "<group>";
		};
/* End PBXGroup section */

/* Begin PBXNativeTarget section */
		779E43561C27181C0097EA55 /* RPN-Stack */ = {
			isa = PBXNativeTarget;
			buildConfigurationList = 779E435E1C27181C0097EA55 /* Build configuration list for PBXNativeTarget "RPN-Stack" */;
			buildPhases = (
				779E43531C27181C0097EA55 /* Sources */,
				779E43541C27181C0097EA55 /* Frameworks */,
				779E43551C27181C0097EA55 /* CopyFiles */,
			);
			buildRules = (
			);
			dependencies = (
			);
			name = "RPN-Stack";
			productName = "RPN-Stack";
			productReference = 779E43571C27181C0097EA55 /* RPN-Stack */;
			productType = "com.apple.product-type.tool";
		};
/* End PBXNativeTarget section */

/* Begin PBXProject section */
		779E434F1C27181C0097EA55 /* Project object */ = {
			isa = PBXProject;
			attributes = {
				LastUpgradeCheck = 0720;
				ORGANIZATIONNAME = olety;
				TargetAttributes = {
					779E43561C27181C0097EA55 = {
						CreatedOnToolsVersion = 7.2;
					};
				};
			};
			buildConfigurationList = 779E43521C27181C0097EA55 /* Build configuration list for PBXProject "RPN-Stack" */;
			compatibilityVersion = "Xcode 3.2";
			developmentRegion = English;
			hasScannedForEncodings = 0;
			knownRegions = (
				en,
			);
			mainGroup = 779E434E1C27181C0097EA55;
			productRefGroup = 779E43581C27181C0097EA55 /* Products */;
			projectDirPath = "";
			projectRoot = "";
			targets = (
				779E43561C27181C0097EA55 /* RPN-Stack */,
			);
		};
/* End PBXProject section */

/* Begin PBXSourcesBuildPhase section */
		779E43531C27181C0097EA55 /* Sources */ = {
			isa = PBXSourcesBuildPhase;
			buildActionMask = 2147483647;
			files = (
				77F96FCC1C272F2300BC413A /* GenericStack.cpp in Sources */,
				77F96FCB1C272F2000BC413A /* RpnParser.cpp in Sources */,
				77F96FCA1C272F1D00BC413A /* Exception.cpp in Sources */,
				779E43651C2722570097EA55 /* main.cpp in Sources */,
			);
			runOnlyForDeploymentPostprocessing = 0;
		};
/* End PBXSourcesBuildPhase section */

/* Begin XCBuildConfiguration section */
		779E435C1C27181C0097EA55 /* Debug */ = {
			isa = XCBuildConfiguration;
			buildSettings = {
				ALWAYS_SEARCH_USER_PATHS = NO;
				CLANG_CXX_LANGUAGE_STANDARD = "gnu++0x";
				CLANG_CXX_LIBRARY = "libc++";
				CLANG_ENABLE_MODULES = YES;
				CLANG_ENABLE_OBJC_ARC = YES;
				CLANG_WARN_BOOL_CONVERSION = YES;
				CLANG_WARN_CONSTANT_CONVERSION = YES;
				CLANG_WARN_DIRECT_OBJC_ISA_USAGE = YES_ERROR;
				CLANG_WARN_EMPTY_BODY = YES;
				CLANG_WARN_ENUM_CONVERSION = YES;
				CLANG_WARN_INT_CONVERSION = YES;
				CLANG_WARN_OBJC_ROOT_CLASS = YES_ERROR;
				CLANG_WARN_UNREACHABLE_CODE = YES;
				CLANG_WARN__DUPLICATE_METHOD_MATCH = YES;
				CODE_SIGN_IDENTITY = "-";
				COPY_PHASE_STRIP = NO;
				DEBUG_INFORMATION_FORMAT = dwarf;
				ENABLE_STRICT_OBJC_MSGSEND = YES;
				ENABLE_TESTABILITY = YES;
				GCC_C_LANGUAGE_STANDARD = gnu99;
				GCC_DYNAMIC_NO_PIC = NO;
				GCC_NO_COMMON_BLOCKS = YES;
				GCC_OPTIMIZATION_LEVEL = 0;
				GCC_PREPROCESSOR_DEFINITIONS = (
					"DEBUG=1",
					"$(inherited)",
				);
				GCC_WARN_64_TO_32_BIT_CONVERSION = YES;
				GCC_WARN_ABOUT_RETURN_TYPE = YES_ERROR;
				GCC_WARN_UNDECLARED_SELECTOR = YES;
				GCC_WARN_UNINITIALIZED_AUTOS = YES_AGGRESSIVE;
				GCC_WARN_UNUSED_FUNCTION = YES;
				GCC_WARN_UNUSED_VARIABLE = YES;
				MACOSX_DEPLOYMENT_TARGET = 10.11;
				MTL_ENABLE_DEBUG_INFO = YES;
				ONLY_ACTIVE_ARCH = YES;
				SDKROOT = macosx;
			};
			name = Debug;
		};
		779E435D1C27181C0097EA55 /* Release */ = {
			isa = XCBuildConfiguration;
			buildSettings = {
				ALWAYS_SEARCH_USER_PATHS = NO;
				CLANG_CXX_LANGUAGE_STANDARD = "gnu++0x";
				CLANG_CXX_LIBRARY = "libc++";
				CLANG_ENABLE_MODULES = YES;
				CLANG_ENABLE_OBJC_ARC = YES;
				CLANG_WARN_BOOL_CONVERSION = YES;
				CLANG_WARN_CONSTANT_CONVERSION = YES;
				CLANG_WARN_DIRECT_OBJC_ISA_USAGE = YES_ERROR;
				CLANG_WARN_EMPTY_BODY = YES;
				CLANG_WARN_ENUM_CONVERSION = YES;
				CLANG_WARN_INT_CONVERSION = YES;
				CLANG_WARN_OBJC_ROOT_CLASS = YES_ERROR;
				CLANG_WARN_UNREACHABLE_CODE = YES;
				CLANG_WARN__DUPLICATE_METHOD_MATCH = YES;
				CODE_SIGN_IDENTITY = "-";
				COPY_PHASE_STRIP = NO;
				DEBUG_INFORMATION_FORMAT = "dwarf-with-dsym";
				ENABLE_NS_ASSERTIONS = NO;
				ENABLE_STRICT_OBJC_MSGSEND = YES;
				GCC_C_LANGUAGE_STANDARD = gnu99;
				GCC_NO_COMMON_BLOCKS = YES;
				GCC_WARN_64_TO_32_BIT_CONVERSION = YES;
				GCC_WARN_ABOUT_RETURN_TYPE = YES_ERROR;
				GCC_WARN_UNDECLARED_SELECTOR = YES;
				GCC_WARN_UNINITIALIZED_AUTOS = YES_AGGRESSIVE;
				GCC_WARN_UNUSED_FUNCTION = YES;
				GCC_WARN_UNUSED_VARIABLE = YES;
				MACOSX_DEPLOYMENT_TARGET = 10.11;
				MTL_ENABLE_DEBUG_INFO = NO;
				SDKROOT = macosx;
			};
			name = Release;
		};
		779E435F1C27181C0097EA55 /* Debug */ = {
			isa = XCBuildConfiguration;
			buildSettings = {
				OTHER_LDFLAGS = "-v";
				PRODUCT_NAME = "$(TARGET_NAME)";
			};
			name = Debug;
		};
		779E43601C27181C0097EA55 /* Release */ = {
			isa = XCBuildConfiguration;
			buildSettings = {
				OTHER_LDFLAGS = "-v";
				PRODUCT_NAME = "$(TARGET_NAME)";
			};
			name = Release;
		};
/* End XCBuildConfiguration section */

/* Begin XCConfigurationList section */
		779E43521C27181C0097EA55 /* Build configuration list for PBXProject "RPN-Stack" */ = {
			isa = XCConfigurationList;
			buildConfigurations = (
				779E435C1C27181C0097EA55 /* Debug */,
				779E435D1C27181C0097EA55 /* Release */,
			);
			defaultConfigurationIsVisible = 0;
			defaultConfigurationName = Release;
		};
		779E435E1C27181C0097EA55 /* Build configuration list for PBXNativeTarget "RPN-Stack" */ = {
			isa = XCConfigurationList;
			buildConfigurations = (
				779E435F1C27181C0097EA55 /* Debug */,
				779E43601C27181C0097EA55 /* Release */,
			);
			defaultConfigurationIsVisible = 0;
			defaultConfigurationName = Release;
		};
/* End XCConfigurationList section */
	};
	rootObject = 779E434F1C27181C0097EA55 /* Project object */;
}
