// !$*UTF8*$!
{
	archiveVersion = 1;
	classes = {
	};
	objectVersion = 46;
	objects = {

/* Begin PBXBuildFile section */
		7720BE521BDC4E5400008C77 /* main.cpp in Sources */ = {isa = PBXBuildFile; fileRef = 7720BE511BDC4E5400008C77 /* main.cpp */; };
		7720BE5A1BDC4E6D00008C77 /* ComplexNum.cpp in Sources */ = {isa = PBXBuildFile; fileRef = 7720BE581BDC4E6D00008C77 /* ComplexNum.cpp */; settings = {ASSET_TAGS = (); }; };
/* End PBXBuildFile section */

/* Begin PBXCopyFilesBuildPhase section */
		7720BE4C1BDC4E5400008C77 /* CopyFiles */ = {
			isa = PBXCopyFilesBuildPhase;
			buildActionMask = 2147483647;
			dstPath = /usr/share/man/man1/;
			dstSubfolderSpec = 0;
			files = (
			);
			runOnlyForDeploymentPostprocessing = 1;
		};
/* End PBXCopyFilesBuildPhase section */

/* Begin PBXFileReference section */
		7720BE4E1BDC4E5400008C77 /* complex */ = {isa = PBXFileReference; explicitFileType = "compiled.mach-o.executable"; includeInIndex = 0; path = complex; sourceTree = BUILT_PRODUCTS_DIR; };
		7720BE511BDC4E5400008C77 /* main.cpp */ = {isa = PBXFileReference; lastKnownFileType = sourcecode.cpp.cpp; path = main.cpp; sourceTree = "<group>"; };
		7720BE581BDC4E6D00008C77 /* ComplexNum.cpp */ = {isa = PBXFileReference; fileEncoding = 4; lastKnownFileType = sourcecode.cpp.cpp; path = ComplexNum.cpp; sourceTree = "<group>"; };
		7720BE591BDC4E6D00008C77 /* ComplexNum.hpp */ = {isa = PBXFileReference; fileEncoding = 4; lastKnownFileType = sourcecode.cpp.h; path = ComplexNum.hpp; sourceTree = "<group>"; };
/* End PBXFileReference section */

/* Begin PBXFrameworksBuildPhase section */
		7720BE4B1BDC4E5400008C77 /* Frameworks */ = {
			isa = PBXFrameworksBuildPhase;
			buildActionMask = 2147483647;
			files = (
			);
			runOnlyForDeploymentPostprocessing = 0;
		};
/* End PBXFrameworksBuildPhase section */

/* Begin PBXGroup section */
		7720BE451BDC4E5400008C77 = {
			isa = PBXGroup;
			children = (
				7720BE501BDC4E5400008C77 /* complex */,
				7720BE4F1BDC4E5400008C77 /* Products */,
			);
			sourceTree = "<group>";
		};
		7720BE4F1BDC4E5400008C77 /* Products */ = {
			isa = PBXGroup;
			children = (
				7720BE4E1BDC4E5400008C77 /* complex */,
			);
			name = Products;
			sourceTree = "<group>";
		};
		7720BE501BDC4E5400008C77 /* complex */ = {
			isa = PBXGroup;
			children = (
				7720BE511BDC4E5400008C77 /* main.cpp */,
				7720BE581BDC4E6D00008C77 /* ComplexNum.cpp */,
				7720BE591BDC4E6D00008C77 /* ComplexNum.hpp */,
			);
			path = complex;
			sourceTree = "<group>";
		};
/* End PBXGroup section */

/* Begin PBXNativeTarget section */
		7720BE4D1BDC4E5400008C77 /* complex */ = {
			isa = PBXNativeTarget;
			buildConfigurationList = 7720BE551BDC4E5400008C77 /* Build configuration list for PBXNativeTarget "complex" */;
			buildPhases = (
				7720BE4A1BDC4E5400008C77 /* Sources */,
				7720BE4B1BDC4E5400008C77 /* Frameworks */,
				7720BE4C1BDC4E5400008C77 /* CopyFiles */,
			);
			buildRules = (
			);
			dependencies = (
			);
			name = complex;
			productName = complex;
			productReference = 7720BE4E1BDC4E5400008C77 /* complex */;
			productType = "com.apple.product-type.tool";
		};
/* End PBXNativeTarget section */

/* Begin PBXProject section */
		7720BE461BDC4E5400008C77 /* Project object */ = {
			isa = PBXProject;
			attributes = {
				LastUpgradeCheck = 0700;
				ORGANIZATIONNAME = olety;
				TargetAttributes = {
					7720BE4D1BDC4E5400008C77 = {
						CreatedOnToolsVersion = 7.0.1;
					};
				};
			};
			buildConfigurationList = 7720BE491BDC4E5400008C77 /* Build configuration list for PBXProject "complex" */;
			compatibilityVersion = "Xcode 3.2";
			developmentRegion = English;
			hasScannedForEncodings = 0;
			knownRegions = (
				en,
			);
			mainGroup = 7720BE451BDC4E5400008C77;
			productRefGroup = 7720BE4F1BDC4E5400008C77 /* Products */;
			projectDirPath = "";
			projectRoot = "";
			targets = (
				7720BE4D1BDC4E5400008C77 /* complex */,
			);
		};
/* End PBXProject section */

/* Begin PBXSourcesBuildPhase section */
		7720BE4A1BDC4E5400008C77 /* Sources */ = {
			isa = PBXSourcesBuildPhase;
			buildActionMask = 2147483647;
			files = (
				7720BE521BDC4E5400008C77 /* main.cpp in Sources */,
				7720BE5A1BDC4E6D00008C77 /* ComplexNum.cpp in Sources */,
			);
			runOnlyForDeploymentPostprocessing = 0;
		};
/* End PBXSourcesBuildPhase section */

/* Begin XCBuildConfiguration section */
		7720BE531BDC4E5400008C77 /* Debug */ = {
			isa = XCBuildConfiguration;
			buildSettings = {
				ALWAYS_SEARCH_USER_PATHS = NO;
				CLANG_CXX_LANGUAGE_STANDARD = "gnu++0x";
				CLANG_CXX_LIBRARY = "libc++";
				CLANG_ENABLE_MODULES = YES;
				CLANG_ENABLE_OBJC_ARC = YES;
				CLANG_WARN_BOOL_CONVERSION = YES;
				CLANG_WARN_CONSTANT_CONVERSION = YES;
				CLANG_WARN_DIRECT_OBJC_ISA_USAGE = YES_ERROR;
				CLANG_WARN_EMPTY_BODY = YES;
				CLANG_WARN_ENUM_CONVERSION = YES;
				CLANG_WARN_INT_CONVERSION = YES;
				CLANG_WARN_OBJC_ROOT_CLASS = YES_ERROR;
				CLANG_WARN_UNREACHABLE_CODE = YES;
				CLANG_WARN__DUPLICATE_METHOD_MATCH = YES;
				COPY_PHASE_STRIP = NO;
				DEBUG_INFORMATION_FORMAT = dwarf;
				ENABLE_STRICT_OBJC_MSGSEND = YES;
				ENABLE_TESTABILITY = YES;
				GCC_C_LANGUAGE_STANDARD = gnu99;
				GCC_DYNAMIC_NO_PIC = NO;
				GCC_NO_COMMON_BLOCKS = YES;
				GCC_OPTIMIZATION_LEVEL = 0;
				GCC_PREPROCESSOR_DEFINITIONS = (
					"DEBUG=1",
					"$(inherited)",
				);
				GCC_WARN_64_TO_32_BIT_CONVERSION = YES;
				GCC_WARN_ABOUT_RETURN_TYPE = YES_ERROR;
				GCC_WARN_UNDECLARED_SELECTOR = YES;
				GCC_WARN_UNINITIALIZED_AUTOS = YES_AGGRESSIVE;
				GCC_WARN_UNUSED_FUNCTION = YES;
				GCC_WARN_UNUSED_VARIABLE = YES;
				MACOSX_DEPLOYMENT_TARGET = 10.11;
				MTL_ENABLE_DEBUG_INFO = YES;
				ONLY_ACTIVE_ARCH = YES;
				SDKROOT = macosx;
			};
			name = Debug;
		};
		7720BE541BDC4E5400008C77 /* Release */ = {
			isa = XCBuildConfiguration;
			buildSettings = {
				ALWAYS_SEARCH_USER_PATHS = NO;
				CLANG_CXX_LANGUAGE_STANDARD = "gnu++0x";
				CLANG_CXX_LIBRARY = "libc++";
				CLANG_ENABLE_MODULES = YES;
				CLANG_ENABLE_OBJC_ARC = YES;
				CLANG_WARN_BOOL_CONVERSION = YES;
				CLANG_WARN_CONSTANT_CONVERSION = YES;
				CLANG_WARN_DIRECT_OBJC_ISA_USAGE = YES_ERROR;
				CLANG_WARN_EMPTY_BODY = YES;
				CLANG_WARN_ENUM_CONVERSION = YES;
				CLANG_WARN_INT_CONVERSION = YES;
				CLANG_WARN_OBJC_ROOT_CLASS = YES_ERROR;
				CLANG_WARN_UNREACHABLE_CODE = YES;
				CLANG_WARN__DUPLICATE_METHOD_MATCH = YES;
				COPY_PHASE_STRIP = NO;
				DEBUG_INFORMATION_FORMAT = "dwarf-with-dsym";
				ENABLE_NS_ASSERTIONS = NO;
				ENABLE_STRICT_OBJC_MSGSEND = YES;
				GCC_C_LANGUAGE_STANDARD = gnu99;
				GCC_NO_COMMON_BLOCKS = YES;
				GCC_WARN_64_TO_32_BIT_CONVERSION = YES;
				GCC_WARN_ABOUT_RETURN_TYPE = YES_ERROR;
				GCC_WARN_UNDECLARED_SELECTOR = YES;
				GCC_WARN_UNINITIALIZED_AUTOS = YES_AGGRESSIVE;
				GCC_WARN_UNUSED_FUNCTION = YES;
				GCC_WARN_UNUSED_VARIABLE = YES;
				MACOSX_DEPLOYMENT_TARGET = 10.11;
				MTL_ENABLE_DEBUG_INFO = NO;
				SDKROOT = macosx;
			};
			name = Release;
		};
		7720BE561BDC4E5400008C77 /* Debug */ = {
			isa = XCBuildConfiguration;
			buildSettings = {
				PRODUCT_NAME = "$(TARGET_NAME)";
			};
			name = Debug;
		};
		7720BE571BDC4E5400008C77 /* Release */ = {
			isa = XCBuildConfiguration;
			buildSettings = {
				PRODUCT_NAME = "$(TARGET_NAME)";
			};
			name = Release;
		};
/* End XCBuildConfiguration section */

/* Begin XCConfigurationList section */
		7720BE491BDC4E5400008C77 /* Build configuration list for PBXProject "complex" */ = {
			isa = XCConfigurationList;
			buildConfigurations = (
				7720BE531BDC4E5400008C77 /* Debug */,
				7720BE541BDC4E5400008C77 /* Release */,
			);
			defaultConfigurationIsVisible = 0;
			defaultConfigurationName = Release;
		};
		7720BE551BDC4E5400008C77 /* Build configuration list for PBXNativeTarget "complex" */ = {
			isa = XCConfigurationList;
			buildConfigurations = (
				7720BE561BDC4E5400008C77 /* Debug */,
				7720BE571BDC4E5400008C77 /* Release */,
			);
			defaultConfigurationIsVisible = 0;
		};
/* End XCConfigurationList section */
	};
	rootObject = 7720BE461BDC4E5400008C77 /* Project object */;
}
