// !$*UTF8*$!
{
	archiveVersion = 1;
	classes = {
	};
	objectVersion = 46;
	objects = {

/* Begin PBXBuildFile section */
		77417D501BC2AA3D003773D3 /* main.cpp in Sources */ = {isa = PBXBuildFile; fileRef = 77417D4F1BC2AA3D003773D3 /* main.cpp */; };
		77417D581BC2AC73003773D3 /* matrix.cpp in Sources */ = {isa = PBXBuildFile; fileRef = 77417D561BC2AC73003773D3 /* matrix.cpp */; settings = {ASSET_TAGS = (); }; };
/* End PBXBuildFile section */

/* Begin PBXCopyFilesBuildPhase section */
		77417D4A1BC2AA3D003773D3 /* CopyFiles */ = {
			isa = PBXCopyFilesBuildPhase;
			buildActionMask = 2147483647;
			dstPath = /usr/share/man/man1/;
			dstSubfolderSpec = 0;
			files = (
			);
			runOnlyForDeploymentPostprocessing = 1;
		};
/* End PBXCopyFilesBuildPhase section */

/* Begin PBXFileReference section */
		77417D4C1BC2AA3D003773D3 /* matrixMult */ = {isa = PBXFileReference; explicitFileType = "compiled.mach-o.executable"; includeInIndex = 0; path = matrixMult; sourceTree = BUILT_PRODUCTS_DIR; };
		77417D4F1BC2AA3D003773D3 /* main.cpp */ = {isa = PBXFileReference; lastKnownFileType = sourcecode.cpp.cpp; path = main.cpp; sourceTree = "<group>"; };
		77417D561BC2AC73003773D3 /* matrix.cpp */ = {isa = PBXFileReference; fileEncoding = 4; lastKnownFileType = sourcecode.cpp.cpp; path = matrix.cpp; sourceTree = "<group>"; };
		77417D571BC2AC73003773D3 /* matrix.hpp */ = {isa = PBXFileReference; fileEncoding = 4; lastKnownFileType = sourcecode.cpp.h; path = matrix.hpp; sourceTree = "<group>"; };
/* End PBXFileReference section */

/* Begin PBXFrameworksBuildPhase section */
		77417D491BC2AA3D003773D3 /* Frameworks */ = {
			isa = PBXFrameworksBuildPhase;
			buildActionMask = 2147483647;
			files = (
			);
			runOnlyForDeploymentPostprocessing = 0;
		};
/* End PBXFrameworksBuildPhase section */

/* Begin PBXGroup section */
		77417D431BC2AA3D003773D3 = {
			isa = PBXGroup;
			children = (
				77417D4E1BC2AA3D003773D3 /* matrixMult */,
				77417D4D1BC2AA3D003773D3 /* Products */,
			);
			sourceTree = "<group>";
		};
		77417D4D1BC2AA3D003773D3 /* Products */ = {
			isa = PBXGroup;
			children = (
				77417D4C1BC2AA3D003773D3 /* matrixMult */,
			);
			name = Products;
			sourceTree = "<group>";
		};
		77417D4E1BC2AA3D003773D3 /* matrixMult */ = {
			isa = PBXGroup;
			children = (
				77417D4F1BC2AA3D003773D3 /* main.cpp */,
				77417D561BC2AC73003773D3 /* matrix.cpp */,
				77417D571BC2AC73003773D3 /* matrix.hpp */,
			);
			path = matrixMult;
			sourceTree = "<group>";
		};
/* End PBXGroup section */

/* Begin PBXNativeTarget section */
		77417D4B1BC2AA3D003773D3 /* matrixMult */ = {
			isa = PBXNativeTarget;
			buildConfigurationList = 77417D531BC2AA3D003773D3 /* Build configuration list for PBXNativeTarget "matrixMult" */;
			buildPhases = (
				77417D481BC2AA3D003773D3 /* Sources */,
				77417D491BC2AA3D003773D3 /* Frameworks */,
				77417D4A1BC2AA3D003773D3 /* CopyFiles */,
			);
			buildRules = (
			);
			dependencies = (
			);
			name = matrixMult;
			productName = matrixMult;
			productReference = 77417D4C1BC2AA3D003773D3 /* matrixMult */;
			productType = "com.apple.product-type.tool";
		};
/* End PBXNativeTarget section */

/* Begin PBXProject section */
		77417D441BC2AA3D003773D3 /* Project object */ = {
			isa = PBXProject;
			attributes = {
				LastUpgradeCheck = 0700;
				ORGANIZATIONNAME = olety;
				TargetAttributes = {
					77417D4B1BC2AA3D003773D3 = {
						CreatedOnToolsVersion = 7.0;
					};
				};
			};
			buildConfigurationList = 77417D471BC2AA3D003773D3 /* Build configuration list for PBXProject "matrixMult" */;
			compatibilityVersion = "Xcode 3.2";
			developmentRegion = English;
			hasScannedForEncodings = 0;
			knownRegions = (
				en,
			);
			mainGroup = 77417D431BC2AA3D003773D3;
			productRefGroup = 77417D4D1BC2AA3D003773D3 /* Products */;
			projectDirPath = "";
			projectRoot = "";
			targets = (
				77417D4B1BC2AA3D003773D3 /* matrixMult */,
			);
		};
/* End PBXProject section */

/* Begin PBXSourcesBuildPhase section */
		77417D481BC2AA3D003773D3 /* Sources */ = {
			isa = PBXSourcesBuildPhase;
			buildActionMask = 2147483647;
			files = (
				77417D581BC2AC73003773D3 /* matrix.cpp in Sources */,
				77417D501BC2AA3D003773D3 /* main.cpp in Sources */,
			);
			runOnlyForDeploymentPostprocessing = 0;
		};
/* End PBXSourcesBuildPhase section */

/* Begin XCBuildConfiguration section */
		77417D511BC2AA3D003773D3 /* Debug */ = {
			isa = XCBuildConfiguration;
			buildSettings = {
				ALWAYS_SEARCH_USER_PATHS = NO;
				CLANG_CXX_LANGUAGE_STANDARD = "gnu++0x";
				CLANG_CXX_LIBRARY = "libc++";
				CLANG_ENABLE_MODULES = YES;
				CLANG_ENABLE_OBJC_ARC = YES;
				CLANG_WARN_BOOL_CONVERSION = YES;
				CLANG_WARN_CONSTANT_CONVERSION = YES;
				CLANG_WARN_DIRECT_OBJC_ISA_USAGE = YES_ERROR;
				CLANG_WARN_EMPTY_BODY = YES;
				CLANG_WARN_ENUM_CONVERSION = YES;
				CLANG_WARN_INT_CONVERSION = YES;
				CLANG_WARN_OBJC_ROOT_CLASS = YES_ERROR;
				CLANG_WARN_UNREACHABLE_CODE = YES;
				CLANG_WARN__DUPLICATE_METHOD_MATCH = YES;
				COPY_PHASE_STRIP = NO;
				DEBUG_INFORMATION_FORMAT = dwarf;
				ENABLE_STRICT_OBJC_MSGSEND = YES;
				ENABLE_TESTABILITY = YES;
				GCC_C_LANGUAGE_STANDARD = gnu99;
				GCC_DYNAMIC_NO_PIC = NO;
				GCC_NO_COMMON_BLOCKS = YES;
				GCC_OPTIMIZATION_LEVEL = 0;
				GCC_PREPROCESSOR_DEFINITIONS = (
					"DEBUG=1",
					"$(inherited)",
				);
				GCC_WARN_64_TO_32_BIT_CONVERSION = YES;
				GCC_WARN_ABOUT_RETURN_TYPE = YES_ERROR;
				GCC_WARN_UNDECLARED_SELECTOR = YES;
				GCC_WARN_UNINITIALIZED_AUTOS = YES_AGGRESSIVE;
				GCC_WARN_UNUSED_FUNCTION = YES;
				GCC_WARN_UNUSED_VARIABLE = YES;
				MACOSX_DEPLOYMENT_TARGET = 10.10;
				MTL_ENABLE_DEBUG_INFO = YES;
				ONLY_ACTIVE_ARCH = YES;
				SDKROOT = macosx;
			};
			name = Debug;
		};
		77417D521BC2AA3D003773D3 /* Release */ = {
			isa = XCBuildConfiguration;
			buildSettings = {
				ALWAYS_SEARCH_USER_PATHS = NO;
				CLANG_CXX_LANGUAGE_STANDARD = "gnu++0x";
				CLANG_CXX_LIBRARY = "libc++";
				CLANG_ENABLE_MODULES = YES;
				CLANG_ENABLE_OBJC_ARC = YES;
				CLANG_WARN_BOOL_CONVERSION = YES;
				CLANG_WARN_CONSTANT_CONVERSION = YES;
				CLANG_WARN_DIRECT_OBJC_ISA_USAGE = YES_ERROR;
				CLANG_WARN_EMPTY_BODY = YES;
				CLANG_WARN_ENUM_CONVERSION = YES;
				CLANG_WARN_INT_CONVERSION = YES;
				CLANG_WARN_OBJC_ROOT_CLASS = YES_ERROR;
				CLANG_WARN_UNREACHABLE_CODE = YES;
				CLANG_WARN__DUPLICATE_METHOD_MATCH = YES;
				COPY_PHASE_STRIP = NO;
				DEBUG_INFORMATION_FORMAT = "dwarf-with-dsym";
				ENABLE_NS_ASSERTIONS = NO;
				ENABLE_STRICT_OBJC_MSGSEND = YES;
				GCC_C_LANGUAGE_STANDARD = gnu99;
				GCC_NO_COMMON_BLOCKS = YES;
				GCC_WARN_64_TO_32_BIT_CONVERSION = YES;
				GCC_WARN_ABOUT_RETURN_TYPE = YES_ERROR;
				GCC_WARN_UNDECLARED_SELECTOR = YES;
				GCC_WARN_UNINITIALIZED_AUTOS = YES_AGGRESSIVE;
				GCC_WARN_UNUSED_FUNCTION = YES;
				GCC_WARN_UNUSED_VARIABLE = YES;
				MACOSX_DEPLOYMENT_TARGET = 10.10;
				MTL_ENABLE_DEBUG_INFO = NO;
				SDKROOT = macosx;
			};
			name = Release;
		};
		77417D541BC2AA3D003773D3 /* Debug */ = {
			isa = XCBuildConfiguration;
			buildSettings = {
				PRODUCT_NAME = "$(TARGET_NAME)";
			};
			name = Debug;
		};
		77417D551BC2AA3D003773D3 /* Release */ = {
			isa = XCBuildConfiguration;
			buildSettings = {
				PRODUCT_NAME = "$(TARGET_NAME)";
			};
			name = Release;
		};
/* End XCBuildConfiguration section */

/* Begin XCConfigurationList section */
		77417D471BC2AA3D003773D3 /* Build configuration list for PBXProject "matrixMult" */ = {
			isa = XCConfigurationList;
			buildConfigurations = (
				77417D511BC2AA3D003773D3 /* Debug */,
				77417D521BC2AA3D003773D3 /* Release */,
			);
			defaultConfigurationIsVisible = 0;
			defaultConfigurationName = Release;
		};
		77417D531BC2AA3D003773D3 /* Build configuration list for PBXNativeTarget "matrixMult" */ = {
			isa = XCConfigurationList;
			buildConfigurations = (
				77417D541BC2AA3D003773D3 /* Debug */,
				77417D551BC2AA3D003773D3 /* Release */,
			);
			defaultConfigurationIsVisible = 0;
		};
/* End XCConfigurationList section */
	};
	rootObject = 77417D441BC2AA3D003773D3 /* Project object */;
}
