// !$*UTF8*$!
{
	archiveVersion = 1;
	classes = {
	};
	objectVersion = 46;
	objects = {

/* Begin PBXBuildFile section */
		77208DFB1BC3EDDC00E93718 /* main.cpp in Sources */ = {isa = PBXBuildFile; fileRef = 77208DFA1BC3EDDC00E93718 /* main.cpp */; };
/* End PBXBuildFile section */

/* Begin PBXCopyFilesBuildPhase section */
		77208DF51BC3EDDC00E93718 /* CopyFiles */ = {
			isa = PBXCopyFilesBuildPhase;
			buildActionMask = 2147483647;
			dstPath = /usr/share/man/man1/;
			dstSubfolderSpec = 0;
			files = (
			);
			runOnlyForDeploymentPostprocessing = 1;
		};
/* End PBXCopyFilesBuildPhase section */

/* Begin PBXFileReference section */
		77208DF71BC3EDDC00E93718 /* matrixMultNoOOP */ = {isa = PBXFileReference; explicitFileType = "compiled.mach-o.executable"; includeInIndex = 0; path = matrixMultNoOOP; sourceTree = BUILT_PRODUCTS_DIR; };
		77208DFA1BC3EDDC00E93718 /* main.cpp */ = {isa = PBXFileReference; lastKnownFileType = sourcecode.cpp.cpp; path = main.cpp; sourceTree = "<group>"; };
/* End PBXFileReference section */

/* Begin PBXFrameworksBuildPhase section */
		77208DF41BC3EDDC00E93718 /* Frameworks */ = {
			isa = PBXFrameworksBuildPhase;
			buildActionMask = 2147483647;
			files = (
			);
			runOnlyForDeploymentPostprocessing = 0;
		};
/* End PBXFrameworksBuildPhase section */

/* Begin PBXGroup section */
		77208DEE1BC3EDDC00E93718 = {
			isa = PBXGroup;
			children = (
				77208DF91BC3EDDC00E93718 /* matrixMultNoOOP */,
				77208DF81BC3EDDC00E93718 /* Products */,
			);
			sourceTree = "<group>";
		};
		77208DF81BC3EDDC00E93718 /* Products */ = {
			isa = PBXGroup;
			children = (
				77208DF71BC3EDDC00E93718 /* matrixMultNoOOP */,
			);
			name = Products;
			sourceTree = "<group>";
		};
		77208DF91BC3EDDC00E93718 /* matrixMultNoOOP */ = {
			isa = PBXGroup;
			children = (
				77208DFA1BC3EDDC00E93718 /* main.cpp */,
			);
			path = matrixMultNoOOP;
			sourceTree = "<group>";
		};
/* End PBXGroup section */

/* Begin PBXNativeTarget section */
		77208DF61BC3EDDC00E93718 /* matrixMultNoOOP */ = {
			isa = PBXNativeTarget;
			buildConfigurationList = 77208DFE1BC3EDDC00E93718 /* Build configuration list for PBXNativeTarget "matrixMultNoOOP" */;
			buildPhases = (
				77208DF31BC3EDDC00E93718 /* Sources */,
				77208DF41BC3EDDC00E93718 /* Frameworks */,
				77208DF51BC3EDDC00E93718 /* CopyFiles */,
			);
			buildRules = (
			);
			dependencies = (
			);
			name = matrixMultNoOOP;
			productName = matrixMultNoOOP;
			productReference = 77208DF71BC3EDDC00E93718 /* matrixMultNoOOP */;
			productType = "com.apple.product-type.tool";
		};
/* End PBXNativeTarget section */

/* Begin PBXProject section */
		77208DEF1BC3EDDC00E93718 /* Project object */ = {
			isa = PBXProject;
			attributes = {
				LastUpgradeCheck = 0700;
				ORGANIZATIONNAME = olety;
				TargetAttributes = {
					77208DF61BC3EDDC00E93718 = {
						CreatedOnToolsVersion = 7.0;
					};
				};
			};
			buildConfigurationList = 77208DF21BC3EDDC00E93718 /* Build configuration list for PBXProject "matrixMultNoOOP" */;
			compatibilityVersion = "Xcode 3.2";
			developmentRegion = English;
			hasScannedForEncodings = 0;
			knownRegions = (
				en,
			);
			mainGroup = 77208DEE1BC3EDDC00E93718;
			productRefGroup = 77208DF81BC3EDDC00E93718 /* Products */;
			projectDirPath = "";
			projectRoot = "";
			targets = (
				77208DF61BC3EDDC00E93718 /* matrixMultNoOOP */,
			);
		};
/* End PBXProject section */

/* Begin PBXSourcesBuildPhase section */
		77208DF31BC3EDDC00E93718 /* Sources */ = {
			isa = PBXSourcesBuildPhase;
			buildActionMask = 2147483647;
			files = (
				77208DFB1BC3EDDC00E93718 /* main.cpp in Sources */,
			);
			runOnlyForDeploymentPostprocessing = 0;
		};
/* End PBXSourcesBuildPhase section */

/* Begin XCBuildConfiguration section */
		77208DFC1BC3EDDC00E93718 /* Debug */ = {
			isa = XCBuildConfiguration;
			buildSettings = {
				ALWAYS_SEARCH_USER_PATHS = NO;
				CLANG_CXX_LANGUAGE_STANDARD = "gnu++0x";
				CLANG_CXX_LIBRARY = "libc++";
				CLANG_ENABLE_MODULES = YES;
				CLANG_ENABLE_OBJC_ARC = YES;
				CLANG_WARN_BOOL_CONVERSION = YES;
				CLANG_WARN_CONSTANT_CONVERSION = YES;
				CLANG_WARN_DIRECT_OBJC_ISA_USAGE = YES_ERROR;
				CLANG_WARN_EMPTY_BODY = YES;
				CLANG_WARN_ENUM_CONVERSION = YES;
				CLANG_WARN_INT_CONVERSION = YES;
				CLANG_WARN_OBJC_ROOT_CLASS = YES_ERROR;
				CLANG_WARN_UNREACHABLE_CODE = YES;
				CLANG_WARN__DUPLICATE_METHOD_MATCH = YES;
				COPY_PHASE_STRIP = NO;
				DEBUG_INFORMATION_FORMAT = dwarf;
				ENABLE_STRICT_OBJC_MSGSEND = YES;
				ENABLE_TESTABILITY = YES;
				GCC_C_LANGUAGE_STANDARD = gnu99;
				GCC_DYNAMIC_NO_PIC = NO;
				GCC_NO_COMMON_BLOCKS = YES;
				GCC_OPTIMIZATION_LEVEL = 0;
				GCC_PREPROCESSOR_DEFINITIONS = (
					"DEBUG=1",
					"$(inherited)",
				);
				GCC_WARN_64_TO_32_BIT_CONVERSION = YES;
				GCC_WARN_ABOUT_RETURN_TYPE = YES_ERROR;
				GCC_WARN_UNDECLARED_SELECTOR = YES;
				GCC_WARN_UNINITIALIZED_AUTOS = YES_AGGRESSIVE;
				GCC_WARN_UNUSED_FUNCTION = YES;
				GCC_WARN_UNUSED_VARIABLE = YES;
				MACOSX_DEPLOYMENT_TARGET = 10.10;
				MTL_ENABLE_DEBUG_INFO = YES;
				ONLY_ACTIVE_ARCH = YES;
				SDKROOT = macosx;
			};
			name = Debug;
		};
		77208DFD1BC3EDDC00E93718 /* Release */ = {
			isa = XCBuildConfiguration;
			buildSettings = {
				ALWAYS_SEARCH_USER_PATHS = NO;
				CLANG_CXX_LANGUAGE_STANDARD = "gnu++0x";
				CLANG_CXX_LIBRARY = "libc++";
				CLANG_ENABLE_MODULES = YES;
				CLANG_ENABLE_OBJC_ARC = YES;
				CLANG_WARN_BOOL_CONVERSION = YES;
				CLANG_WARN_CONSTANT_CONVERSION = YES;
				CLANG_WARN_DIRECT_OBJC_ISA_USAGE = YES_ERROR;
				CLANG_WARN_EMPTY_BODY = YES;
				CLANG_WARN_ENUM_CONVERSION = YES;
				CLANG_WARN_INT_CONVERSION = YES;
				CLANG_WARN_OBJC_ROOT_CLASS = YES_ERROR;
				CLANG_WARN_UNREACHABLE_CODE = YES;
				CLANG_WARN__DUPLICATE_METHOD_MATCH = YES;
				COPY_PHASE_STRIP = NO;
				DEBUG_INFORMATION_FORMAT = "dwarf-with-dsym";
				ENABLE_NS_ASSERTIONS = NO;
				ENABLE_STRICT_OBJC_MSGSEND = YES;
				GCC_C_LANGUAGE_STANDARD = gnu99;
				GCC_NO_COMMON_BLOCKS = YES;
				GCC_WARN_64_TO_32_BIT_CONVERSION = YES;
				GCC_WARN_ABOUT_RETURN_TYPE = YES_ERROR;
				GCC_WARN_UNDECLARED_SELECTOR = YES;
				GCC_WARN_UNINITIALIZED_AUTOS = YES_AGGRESSIVE;
				GCC_WARN_UNUSED_FUNCTION = YES;
				GCC_WARN_UNUSED_VARIABLE = YES;
				MACOSX_DEPLOYMENT_TARGET = 10.10;
				MTL_ENABLE_DEBUG_INFO = NO;
				SDKROOT = macosx;
			};
			name = Release;
		};
		77208DFF1BC3EDDC00E93718 /* Debug */ = {
			isa = XCBuildConfiguration;
			buildSettings = {
				PRODUCT_NAME = "$(TARGET_NAME)";
			};
			name = Debug;
		};
		77208E001BC3EDDC00E93718 /* Release */ = {
			isa = XCBuildConfiguration;
			buildSettings = {
				PRODUCT_NAME = "$(TARGET_NAME)";
			};
			name = Release;
		};
/* End XCBuildConfiguration section */

/* Begin XCConfigurationList section */
		77208DF21BC3EDDC00E93718 /* Build configuration list for PBXProject "matrixMultNoOOP" */ = {
			isa = XCConfigurationList;
			buildConfigurations = (
				77208DFC1BC3EDDC00E93718 /* Debug */,
				77208DFD1BC3EDDC00E93718 /* Release */,
			);
			defaultConfigurationIsVisible = 0;
			defaultConfigurationName = Release;
		};
		77208DFE1BC3EDDC00E93718 /* Build configuration list for PBXNativeTarget "matrixMultNoOOP" */ = {
			isa = XCConfigurationList;
			buildConfigurations = (
				77208DFF1BC3EDDC00E93718 /* Debug */,
				77208E001BC3EDDC00E93718 /* Release */,
			);
			defaultConfigurationIsVisible = 0;
		};
/* End XCConfigurationList section */
	};
	rootObject = 77208DEF1BC3EDDC00E93718 /* Project object */;
}
