// !$*UTF8*$!
{
	archiveVersion = 1;
	classes = {
	};
	objectVersion = 46;
	objects = {

/* Begin PBXBuildFile section */
		77E565511C0352C5004E02B6 /* main.cpp in Sources */ = {isa = PBXBuildFile; fileRef = 77E565501C0352C5004E02B6 /* main.cpp */; };
		77E565591C0352D8004E02B6 /* Bicycle.cpp in Sources */ = {isa = PBXBuildFile; fileRef = 77E565571C0352D8004E02B6 /* Bicycle.cpp */; };
/* End PBXBuildFile section */

/* Begin PBXCopyFilesBuildPhase section */
		77E5654B1C0352C5004E02B6 /* CopyFiles */ = {
			isa = PBXCopyFilesBuildPhase;
			buildActionMask = 2147483647;
			dstPath = /usr/share/man/man1/;
			dstSubfolderSpec = 0;
			files = (
			);
			runOnlyForDeploymentPostprocessing = 1;
		};
/* End PBXCopyFilesBuildPhase section */

/* Begin PBXFileReference section */
		77E5654D1C0352C5004E02B6 /* Bicycle */ = {isa = PBXFileReference; explicitFileType = "compiled.mach-o.executable"; includeInIndex = 0; path = Bicycle; sourceTree = BUILT_PRODUCTS_DIR; };
		77E565501C0352C5004E02B6 /* main.cpp */ = {isa = PBXFileReference; lastKnownFileType = sourcecode.cpp.cpp; path = main.cpp; sourceTree = "<group>"; };
		77E565571C0352D8004E02B6 /* Bicycle.cpp */ = {isa = PBXFileReference; fileEncoding = 4; lastKnownFileType = sourcecode.cpp.cpp; path = Bicycle.cpp; sourceTree = "<group>"; };
		77E565581C0352D8004E02B6 /* Bicycle.hpp */ = {isa = PBXFileReference; fileEncoding = 4; lastKnownFileType = sourcecode.cpp.h; path = Bicycle.hpp; sourceTree = "<group>"; };
/* End PBXFileReference section */

/* Begin PBXFrameworksBuildPhase section */
		77E5654A1C0352C5004E02B6 /* Frameworks */ = {
			isa = PBXFrameworksBuildPhase;
			buildActionMask = 2147483647;
			files = (
			);
			runOnlyForDeploymentPostprocessing = 0;
		};
/* End PBXFrameworksBuildPhase section */

/* Begin PBXGroup section */
		77E565441C0352C5004E02B6 = {
			isa = PBXGroup;
			children = (
				77E5654F1C0352C5004E02B6 /* Bicycle */,
				77E5654E1C0352C5004E02B6 /* Products */,
			);
			sourceTree = "<group>";
		};
		77E5654E1C0352C5004E02B6 /* Products */ = {
			isa = PBXGroup;
			children = (
				77E5654D1C0352C5004E02B6 /* Bicycle */,
			);
			name = Products;
			sourceTree = "<group>";
		};
		77E5654F1C0352C5004E02B6 /* Bicycle */ = {
			isa = PBXGroup;
			children = (
				77E565501C0352C5004E02B6 /* main.cpp */,
				77E565571C0352D8004E02B6 /* Bicycle.cpp */,
				77E565581C0352D8004E02B6 /* Bicycle.hpp */,
			);
			path = Bicycle;
			sourceTree = "<group>";
		};
/* End PBXGroup section */

/* Begin PBXNativeTarget section */
		77E5654C1C0352C5004E02B6 /* Bicycle */ = {
			isa = PBXNativeTarget;
			buildConfigurationList = 77E565541C0352C5004E02B6 /* Build configuration list for PBXNativeTarget "Bicycle" */;
			buildPhases = (
				77E565491C0352C5004E02B6 /* Sources */,
				77E5654A1C0352C5004E02B6 /* Frameworks */,
				77E5654B1C0352C5004E02B6 /* CopyFiles */,
			);
			buildRules = (
			);
			dependencies = (
			);
			name = Bicycle;
			productName = Bicycle;
			productReference = 77E5654D1C0352C5004E02B6 /* Bicycle */;
			productType = "com.apple.product-type.tool";
		};
/* End PBXNativeTarget section */

/* Begin PBXProject section */
		77E565451C0352C5004E02B6 /* Project object */ = {
			isa = PBXProject;
			attributes = {
				LastUpgradeCheck = 0710;
				ORGANIZATIONNAME = olety;
				TargetAttributes = {
					77E5654C1C0352C5004E02B6 = {
						CreatedOnToolsVersion = 7.1.1;
					};
				};
			};
			buildConfigurationList = 77E565481C0352C5004E02B6 /* Build configuration list for PBXProject "Bicycle" */;
			compatibilityVersion = "Xcode 3.2";
			developmentRegion = English;
			hasScannedForEncodings = 0;
			knownRegions = (
				en,
			);
			mainGroup = 77E565441C0352C5004E02B6;
			productRefGroup = 77E5654E1C0352C5004E02B6 /* Products */;
			projectDirPath = "";
			projectRoot = "";
			targets = (
				77E5654C1C0352C5004E02B6 /* Bicycle */,
			);
		};
/* End PBXProject section */

/* Begin PBXSourcesBuildPhase section */
		77E565491C0352C5004E02B6 /* Sources */ = {
			isa = PBXSourcesBuildPhase;
			buildActionMask = 2147483647;
			files = (
				77E565511C0352C5004E02B6 /* main.cpp in Sources */,
				77E565591C0352D8004E02B6 /* Bicycle.cpp in Sources */,
			);
			runOnlyForDeploymentPostprocessing = 0;
		};
/* End PBXSourcesBuildPhase section */

/* Begin XCBuildConfiguration section */
		77E565521C0352C5004E02B6 /* Debug */ = {
			isa = XCBuildConfiguration;
			buildSettings = {
				ALWAYS_SEARCH_USER_PATHS = NO;
				CLANG_CXX_LANGUAGE_STANDARD = "gnu++0x";
				CLANG_CXX_LIBRARY = "libc++";
				CLANG_ENABLE_MODULES = YES;
				CLANG_ENABLE_OBJC_ARC = YES;
				CLANG_WARN_BOOL_CONVERSION = YES;
				CLANG_WARN_CONSTANT_CONVERSION = YES;
				CLANG_WARN_DIRECT_OBJC_ISA_USAGE = YES_ERROR;
				CLANG_WARN_EMPTY_BODY = YES;
				CLANG_WARN_ENUM_CONVERSION = YES;
				CLANG_WARN_INT_CONVERSION = YES;
				CLANG_WARN_OBJC_ROOT_CLASS = YES_ERROR;
				CLANG_WARN_UNREACHABLE_CODE = YES;
				CLANG_WARN__DUPLICATE_METHOD_MATCH = YES;
				CODE_SIGN_IDENTITY = "-";
				COPY_PHASE_STRIP = NO;
				DEBUG_INFORMATION_FORMAT = dwarf;
				ENABLE_STRICT_OBJC_MSGSEND = YES;
				ENABLE_TESTABILITY = YES;
				GCC_C_LANGUAGE_STANDARD = gnu99;
				GCC_DYNAMIC_NO_PIC = NO;
				GCC_NO_COMMON_BLOCKS = YES;
				GCC_OPTIMIZATION_LEVEL = 0;
				GCC_PREPROCESSOR_DEFINITIONS = (
					"DEBUG=1",
					"$(inherited)",
				);
				GCC_WARN_64_TO_32_BIT_CONVERSION = YES;
				GCC_WARN_ABOUT_RETURN_TYPE = YES_ERROR;
				GCC_WARN_UNDECLARED_SELECTOR = YES;
				GCC_WARN_UNINITIALIZED_AUTOS = YES_AGGRESSIVE;
				GCC_WARN_UNUSED_FUNCTION = YES;
				GCC_WARN_UNUSED_VARIABLE = YES;
				MACOSX_DEPLOYMENT_TARGET = 10.11;
				MTL_ENABLE_DEBUG_INFO = YES;
				ONLY_ACTIVE_ARCH = YES;
				SDKROOT = macosx;
			};
			name = Debug;
		};
		77E565531C0352C5004E02B6 /* Release */ = {
			isa = XCBuildConfiguration;
			buildSettings = {
				ALWAYS_SEARCH_USER_PATHS = NO;
				CLANG_CXX_LANGUAGE_STANDARD = "gnu++0x";
				CLANG_CXX_LIBRARY = "libc++";
				CLANG_ENABLE_MODULES = YES;
				CLANG_ENABLE_OBJC_ARC = YES;
				CLANG_WARN_BOOL_CONVERSION = YES;
				CLANG_WARN_CONSTANT_CONVERSION = YES;
				CLANG_WARN_DIRECT_OBJC_ISA_USAGE = YES_ERROR;
				CLANG_WARN_EMPTY_BODY = YES;
				CLANG_WARN_ENUM_CONVERSION = YES;
				CLANG_WARN_INT_CONVERSION = YES;
				CLANG_WARN_OBJC_ROOT_CLASS = YES_ERROR;
				CLANG_WARN_UNREACHABLE_CODE = YES;
				CLANG_WARN__DUPLICATE_METHOD_MATCH = YES;
				CODE_SIGN_IDENTITY = "-";
				COPY_PHASE_STRIP = NO;
				DEBUG_INFORMATION_FORMAT = "dwarf-with-dsym";
				ENABLE_NS_ASSERTIONS = NO;
				ENABLE_STRICT_OBJC_MSGSEND = YES;
				GCC_C_LANGUAGE_STANDARD = gnu99;
				GCC_NO_COMMON_BLOCKS = YES;
				GCC_WARN_64_TO_32_BIT_CONVERSION = YES;
				GCC_WARN_ABOUT_RETURN_TYPE = YES_ERROR;
				GCC_WARN_UNDECLARED_SELECTOR = YES;
				GCC_WARN_UNINITIALIZED_AUTOS = YES_AGGRESSIVE;
				GCC_WARN_UNUSED_FUNCTION = YES;
				GCC_WARN_UNUSED_VARIABLE = YES;
				MACOSX_DEPLOYMENT_TARGET = 10.11;
				MTL_ENABLE_DEBUG_INFO = NO;
				SDKROOT = macosx;
			};
			name = Release;
		};
		77E565551C0352C5004E02B6 /* Debug */ = {
			isa = XCBuildConfiguration;
			buildSettings = {
				PRODUCT_NAME = "$(TARGET_NAME)";
			};
			name = Debug;
		};
		77E565561C0352C5004E02B6 /* Release */ = {
			isa = XCBuildConfiguration;
			buildSettings = {
				PRODUCT_NAME = "$(TARGET_NAME)";
			};
			name = Release;
		};
/* End XCBuildConfiguration section */

/* Begin XCConfigurationList section */
		77E565481C0352C5004E02B6 /* Build configuration list for PBXProject "Bicycle" */ = {
			isa = XCConfigurationList;
			buildConfigurations = (
				77E565521C0352C5004E02B6 /* Debug */,
				77E565531C0352C5004E02B6 /* Release */,
			);
			defaultConfigurationIsVisible = 0;
			defaultConfigurationName = Release;
		};
		77E565541C0352C5004E02B6 /* Build configuration list for PBXNativeTarget "Bicycle" */ = {
			isa = XCConfigurationList;
			buildConfigurations = (
				77E565551C0352C5004E02B6 /* Debug */,
				77E565561C0352C5004E02B6 /* Release */,
			);
			defaultConfigurationIsVisible = 0;
		};
/* End XCConfigurationList section */
	};
	rootObject = 77E565451C0352C5004E02B6 /* Project object */;
}
