// !$*UTF8*$!
{
	archiveVersion = 1;
	classes = {
	};
	objectVersion = 46;
	objects = {

/* Begin PBXBuildFile section */
		773316061BF0172E00A6CE03 /* main.cpp in Sources */ = {isa = PBXBuildFile; fileRef = 773316051BF0172E00A6CE03 /* main.cpp */; };
		7733160E1BF0173B00A6CE03 /* Vehicle.cpp in Sources */ = {isa = PBXBuildFile; fileRef = 7733160C1BF0173B00A6CE03 /* Vehicle.cpp */; };
/* End PBXBuildFile section */

/* Begin PBXCopyFilesBuildPhase section */
		773316001BF0172E00A6CE03 /* CopyFiles */ = {
			isa = PBXCopyFilesBuildPhase;
			buildActionMask = 2147483647;
			dstPath = /usr/share/man/man1/;
			dstSubfolderSpec = 0;
			files = (
			);
			runOnlyForDeploymentPostprocessing = 1;
		};
/* End PBXCopyFilesBuildPhase section */

/* Begin PBXFileReference section */
		773316021BF0172E00A6CE03 /* VehicleAggregation */ = {isa = PBXFileReference; explicitFileType = "compiled.mach-o.executable"; includeInIndex = 0; path = VehicleAggregation; sourceTree = BUILT_PRODUCTS_DIR; };
		773316051BF0172E00A6CE03 /* main.cpp */ = {isa = PBXFileReference; lastKnownFileType = sourcecode.cpp.cpp; path = main.cpp; sourceTree = "<group>"; };
		7733160C1BF0173B00A6CE03 /* Vehicle.cpp */ = {isa = PBXFileReference; fileEncoding = 4; lastKnownFileType = sourcecode.cpp.cpp; path = Vehicle.cpp; sourceTree = "<group>"; };
		7733160D1BF0173B00A6CE03 /* Vehicle.hpp */ = {isa = PBXFileReference; fileEncoding = 4; lastKnownFileType = sourcecode.cpp.h; path = Vehicle.hpp; sourceTree = "<group>"; };
/* End PBXFileReference section */

/* Begin PBXFrameworksBuildPhase section */
		773315FF1BF0172E00A6CE03 /* Frameworks */ = {
			isa = PBXFrameworksBuildPhase;
			buildActionMask = 2147483647;
			files = (
			);
			runOnlyForDeploymentPostprocessing = 0;
		};
/* End PBXFrameworksBuildPhase section */

/* Begin PBXGroup section */
		773315F91BF0172E00A6CE03 = {
			isa = PBXGroup;
			children = (
				773316041BF0172E00A6CE03 /* VehicleAggregation */,
				773316031BF0172E00A6CE03 /* Products */,
			);
			sourceTree = "<group>";
		};
		773316031BF0172E00A6CE03 /* Products */ = {
			isa = PBXGroup;
			children = (
				773316021BF0172E00A6CE03 /* VehicleAggregation */,
			);
			name = Products;
			sourceTree = "<group>";
		};
		773316041BF0172E00A6CE03 /* VehicleAggregation */ = {
			isa = PBXGroup;
			children = (
				773316051BF0172E00A6CE03 /* main.cpp */,
				7733160C1BF0173B00A6CE03 /* Vehicle.cpp */,
				7733160D1BF0173B00A6CE03 /* Vehicle.hpp */,
			);
			path = VehicleAggregation;
			sourceTree = "<group>";
		};
/* End PBXGroup section */

/* Begin PBXNativeTarget section */
		773316011BF0172E00A6CE03 /* VehicleAggregation */ = {
			isa = PBXNativeTarget;
			buildConfigurationList = 773316091BF0172E00A6CE03 /* Build configuration list for PBXNativeTarget "VehicleAggregation" */;
			buildPhases = (
				773315FE1BF0172E00A6CE03 /* Sources */,
				773315FF1BF0172E00A6CE03 /* Frameworks */,
				773316001BF0172E00A6CE03 /* CopyFiles */,
			);
			buildRules = (
			);
			dependencies = (
			);
			name = VehicleAggregation;
			productName = VehicleAggregation;
			productReference = 773316021BF0172E00A6CE03 /* VehicleAggregation */;
			productType = "com.apple.product-type.tool";
		};
/* End PBXNativeTarget section */

/* Begin PBXProject section */
		773315FA1BF0172E00A6CE03 /* Project object */ = {
			isa = PBXProject;
			attributes = {
				LastUpgradeCheck = 0710;
				ORGANIZATIONNAME = olety;
				TargetAttributes = {
					773316011BF0172E00A6CE03 = {
						CreatedOnToolsVersion = 7.1;
					};
				};
			};
			buildConfigurationList = 773315FD1BF0172E00A6CE03 /* Build configuration list for PBXProject "VehicleAggregation" */;
			compatibilityVersion = "Xcode 3.2";
			developmentRegion = English;
			hasScannedForEncodings = 0;
			knownRegions = (
				en,
			);
			mainGroup = 773315F91BF0172E00A6CE03;
			productRefGroup = 773316031BF0172E00A6CE03 /* Products */;
			projectDirPath = "";
			projectRoot = "";
			targets = (
				773316011BF0172E00A6CE03 /* VehicleAggregation */,
			);
		};
/* End PBXProject section */

/* Begin PBXSourcesBuildPhase section */
		773315FE1BF0172E00A6CE03 /* Sources */ = {
			isa = PBXSourcesBuildPhase;
			buildActionMask = 2147483647;
			files = (
				7733160E1BF0173B00A6CE03 /* Vehicle.cpp in Sources */,
				773316061BF0172E00A6CE03 /* main.cpp in Sources */,
			);
			runOnlyForDeploymentPostprocessing = 0;
		};
/* End PBXSourcesBuildPhase section */

/* Begin XCBuildConfiguration section */
		773316071BF0172E00A6CE03 /* Debug */ = {
			isa = XCBuildConfiguration;
			buildSettings = {
				ALWAYS_SEARCH_USER_PATHS = NO;
				CLANG_CXX_LANGUAGE_STANDARD = "gnu++0x";
				CLANG_CXX_LIBRARY = "libc++";
				CLANG_ENABLE_MODULES = YES;
				CLANG_ENABLE_OBJC_ARC = YES;
				CLANG_WARN_BOOL_CONVERSION = YES;
				CLANG_WARN_CONSTANT_CONVERSION = YES;
				CLANG_WARN_DIRECT_OBJC_ISA_USAGE = YES_ERROR;
				CLANG_WARN_EMPTY_BODY = YES;
				CLANG_WARN_ENUM_CONVERSION = YES;
				CLANG_WARN_INT_CONVERSION = YES;
				CLANG_WARN_OBJC_ROOT_CLASS = YES_ERROR;
				CLANG_WARN_UNREACHABLE_CODE = YES;
				CLANG_WARN__DUPLICATE_METHOD_MATCH = YES;
				CODE_SIGN_IDENTITY = "-";
				COPY_PHASE_STRIP = NO;
				DEBUG_INFORMATION_FORMAT = dwarf;
				ENABLE_STRICT_OBJC_MSGSEND = YES;
				ENABLE_TESTABILITY = YES;
				GCC_C_LANGUAGE_STANDARD = gnu99;
				GCC_DYNAMIC_NO_PIC = NO;
				GCC_NO_COMMON_BLOCKS = YES;
				GCC_OPTIMIZATION_LEVEL = 0;
				GCC_PREPROCESSOR_DEFINITIONS = (
					"DEBUG=1",
					"$(inherited)",
				);
				GCC_WARN_64_TO_32_BIT_CONVERSION = YES;
				GCC_WARN_ABOUT_RETURN_TYPE = YES_ERROR;
				GCC_WARN_UNDECLARED_SELECTOR = YES;
				GCC_WARN_UNINITIALIZED_AUTOS = YES_AGGRESSIVE;
				GCC_WARN_UNUSED_FUNCTION = YES;
				GCC_WARN_UNUSED_VARIABLE = YES;
				MACOSX_DEPLOYMENT_TARGET = 10.11;
				MTL_ENABLE_DEBUG_INFO = YES;
				ONLY_ACTIVE_ARCH = YES;
				SDKROOT = macosx;
			};
			name = Debug;
		};
		773316081BF0172E00A6CE03 /* Release */ = {
			isa = XCBuildConfiguration;
			buildSettings = {
				ALWAYS_SEARCH_USER_PATHS = NO;
				CLANG_CXX_LANGUAGE_STANDARD = "gnu++0x";
				CLANG_CXX_LIBRARY = "libc++";
				CLANG_ENABLE_MODULES = YES;
				CLANG_ENABLE_OBJC_ARC = YES;
				CLANG_WARN_BOOL_CONVERSION = YES;
				CLANG_WARN_CONSTANT_CONVERSION = YES;
				CLANG_WARN_DIRECT_OBJC_ISA_USAGE = YES_ERROR;
				CLANG_WARN_EMPTY_BODY = YES;
				CLANG_WARN_ENUM_CONVERSION = YES;
				CLANG_WARN_INT_CONVERSION = YES;
				CLANG_WARN_OBJC_ROOT_CLASS = YES_ERROR;
				CLANG_WARN_UNREACHABLE_CODE = YES;
				CLANG_WARN__DUPLICATE_METHOD_MATCH = YES;
				CODE_SIGN_IDENTITY = "-";
				COPY_PHASE_STRIP = NO;
				DEBUG_INFORMATION_FORMAT = "dwarf-with-dsym";
				ENABLE_NS_ASSERTIONS = NO;
				ENABLE_STRICT_OBJC_MSGSEND = YES;
				GCC_C_LANGUAGE_STANDARD = gnu99;
				GCC_NO_COMMON_BLOCKS = YES;
				GCC_WARN_64_TO_32_BIT_CONVERSION = YES;
				GCC_WARN_ABOUT_RETURN_TYPE = YES_ERROR;
				GCC_WARN_UNDECLARED_SELECTOR = YES;
				GCC_WARN_UNINITIALIZED_AUTOS = YES_AGGRESSIVE;
				GCC_WARN_UNUSED_FUNCTION = YES;
				GCC_WARN_UNUSED_VARIABLE = YES;
				MACOSX_DEPLOYMENT_TARGET = 10.11;
				MTL_ENABLE_DEBUG_INFO = NO;
				SDKROOT = macosx;
			};
			name = Release;
		};
		7733160A1BF0172E00A6CE03 /* Debug */ = {
			isa = XCBuildConfiguration;
			buildSettings = {
				PRODUCT_NAME = "$(TARGET_NAME)";
			};
			name = Debug;
		};
		7733160B1BF0172E00A6CE03 /* Release */ = {
			isa = XCBuildConfiguration;
			buildSettings = {
				PRODUCT_NAME = "$(TARGET_NAME)";
			};
			name = Release;
		};
/* End XCBuildConfiguration section */

/* Begin XCConfigurationList section */
		773315FD1BF0172E00A6CE03 /* Build configuration list for PBXProject "VehicleAggregation" */ = {
			isa = XCConfigurationList;
			buildConfigurations = (
				773316071BF0172E00A6CE03 /* Debug */,
				773316081BF0172E00A6CE03 /* Release */,
			);
			defaultConfigurationIsVisible = 0;
			defaultConfigurationName = Release;
		};
		773316091BF0172E00A6CE03 /* Build configuration list for PBXNativeTarget "VehicleAggregation" */ = {
			isa = XCConfigurationList;
			buildConfigurations = (
				7733160A1BF0172E00A6CE03 /* Debug */,
				7733160B1BF0172E00A6CE03 /* Release */,
			);
			defaultConfigurationIsVisible = 0;
		};
/* End XCConfigurationList section */
	};
	rootObject = 773315FA1BF0172E00A6CE03 /* Project object */;
}
